
Microsoft Visual Studio Solution File, Format Version 12.00
# Visual Studio 14
VisualStudioVersion = 14.0.25123.0
MinimumVisualStudioVersion = 10.0.40219.1
Project("{FAE04EC0-301F-11D3-BF4B-00C04F79EFBC}") = "VP_LettersMaster", "VP_LettersMaster\VP_LettersMaster.csproj", "{8833104C-8FBA-4C7B-8A45-8774A6DF516B}"
EndProject
Global
	GlobalSection(SolutionConfigurationPlatforms) = preSolution
		Debug|Any CPU = Debug|Any CPU
		Release|Any CPU = Release|Any CPU
	EndGlobalSection
	GlobalSection(ProjectConfigurationPlatforms) = postSolution
		{8833104C-8FBA-4C7B-8A45-8774A6DF516B}.Debug|Any CPU.ActiveCfg = Debug|Any CPU
		{8833104C-8FBA-4C7B-8A45-8774A6DF516B}.Debug|Any CPU.Build.0 = Debug|Any CPU
		{8833104C-8FBA-4C7B-8A45-8774A6DF516B}.Release|Any CPU.ActiveCfg = Release|Any CPU
		{8833104C-8FBA-4C7B-8A45-8774A6DF516B}.Release|Any CPU.Build.0 = Release|Any CPU
	EndGlobalSection
	GlobalSection(SolutionProperties) = preSolution
		HideSolutionNode = FALSE
	EndGlobalSection
EndGlobal
