
Microsoft Visual Studio Solution File, Format Version 12.00
# Visual Studio 14
VisualStudioVersion = 14.0.25123.0
MinimumVisualStudioVersion = 10.0.40219.1
Project("{FAE04EC0-301F-11D3-BF4B-00C04F79EFBC}") = "141142_MihailNacev_VPLab5", "141142_MihailNacev_VPLab5\141142_MihailNacev_VPLab5.csproj", "{51383858-AF3C-4E71-9E1C-89DEFB53B619}"
EndProject
Global
	GlobalSection(SolutionConfigurationPlatforms) = preSolution
		Debug|Any CPU = Debug|Any CPU
		Release|Any CPU = Release|Any CPU
	EndGlobalSection
	GlobalSection(ProjectConfigurationPlatforms) = postSolution
		{51383858-AF3C-4E71-9E1C-89DEFB53B619}.Debug|Any CPU.ActiveCfg = Debug|Any CPU
		{51383858-AF3C-4E71-9E1C-89DEFB53B619}.Debug|Any CPU.Build.0 = Debug|Any CPU
		{51383858-AF3C-4E71-9E1C-89DEFB53B619}.Release|Any CPU.ActiveCfg = Release|Any CPU
		{51383858-AF3C-4E71-9E1C-89DEFB53B619}.Release|Any CPU.Build.0 = Release|Any CPU
	EndGlobalSection
	GlobalSection(SolutionProperties) = preSolution
		HideSolutionNode = FALSE
	EndGlobalSection
EndGlobal
