
Microsoft Visual Studio Solution File, Format Version 12.00
# Visual Studio 14
VisualStudioVersion = 14.0.24720.0
MinimumVisualStudioVersion = 10.0.40219.1
Project("{E24C65DC-7377-472B-9ABA-BC803B73C61A}") = "141142_MihailNacev_ITLab4", "..\..\WebSites\141142_MihailNacev_ITLab4\", "{5D3CD587-80C0-423F-BCCF-EFF60B795D4D}"
	ProjectSection(WebsiteProperties) = preProject
		TargetFrameworkMoniker = ".NETFramework,Version%3Dv4.6.1"
		Debug.AspNetCompiler.VirtualPath = "/localhost_52972"
		Debug.AspNetCompiler.PhysicalPath = "..\..\WebSites\141142_MihailNacev_ITLab4\"
		Debug.AspNetCompiler.TargetPath = "PrecompiledWeb\localhost_52972\"
		Debug.AspNetCompiler.Updateable = "true"
		Debug.AspNetCompiler.ForceOverwrite = "true"
		Debug.AspNetCompiler.FixedNames = "false"
		Debug.AspNetCompiler.Debug = "True"
		Release.AspNetCompiler.VirtualPath = "/localhost_52972"
		Release.AspNetCompiler.PhysicalPath = "..\..\WebSites\141142_MihailNacev_ITLab4\"
		Release.AspNetCompiler.TargetPath = "PrecompiledWeb\localhost_52972\"
		Release.AspNetCompiler.Updateable = "true"
		Release.AspNetCompiler.ForceOverwrite = "true"
		Release.AspNetCompiler.FixedNames = "false"
		Release.AspNetCompiler.Debug = "False"
		VWDPort = "52972"
		SlnRelativePath = "..\..\WebSites\141142_MihailNacev_ITLab4\"
		DefaultWebSiteLanguage = "Visual C#"
	EndProjectSection
EndProject
Global
	GlobalSection(SolutionConfigurationPlatforms) = preSolution
		Debug|Any CPU = Debug|Any CPU
	EndGlobalSection
	GlobalSection(ProjectConfigurationPlatforms) = postSolution
		{5D3CD587-80C0-423F-BCCF-EFF60B795D4D}.Debug|Any CPU.ActiveCfg = Debug|Any CPU
		{5D3CD587-80C0-423F-BCCF-EFF60B795D4D}.Debug|Any CPU.Build.0 = Debug|Any CPU
	EndGlobalSection
	GlobalSection(SolutionProperties) = preSolution
		HideSolutionNode = FALSE
	EndGlobalSection
EndGlobal
